
Microsoft Visual Studio Solution File, Format Version 12.00
# Visual Studio Version 17
VisualStudioVersion = 17.0.32014.148
MinimumVisualStudioVersion = 10.0.40219.1
Project("{FAE04EC0-301F-11D3-BF4B-00C04F79EFBC}") = "RimiEShopWebScraper", "RimiEShopWebScraper\RimiEShopWebScraper.csproj", "{0FE5688B-F14E-4E00-A4EA-EF6110A6B86F}"
EndProject
Global
	GlobalSection(SolutionConfigurationPlatforms) = preSolution
		Debug|Any CPU = Debug|Any CPU
		Release|Any CPU = Release|Any CPU
	EndGlobalSection
	GlobalSection(ProjectConfigurationPlatforms) = postSolution
		{0FE5688B-F14E-4E00-A4EA-EF6110A6B86F}.Debug|Any CPU.ActiveCfg = Debug|Any CPU
		{0FE5688B-F14E-4E00-A4EA-EF6110A6B86F}.Debug|Any CPU.Build.0 = Debug|Any CPU
		{0FE5688B-F14E-4E00-A4EA-EF6110A6B86F}.Release|Any CPU.ActiveCfg = Release|Any CPU
		{0FE5688B-F14E-4E00-A4EA-EF6110A6B86F}.Release|Any CPU.Build.0 = Release|Any CPU
	EndGlobalSection
	GlobalSection(SolutionProperties) = preSolution
		HideSolutionNode = FALSE
	EndGlobalSection
	GlobalSection(ExtensibilityGlobals) = postSolution
		SolutionGuid = {CEF8A3E7-C0E4-4CC9-972F-C65A9D530485}
	EndGlobalSection
EndGlobal
